// !$*UTF8*$!
{
	archiveVersion = 1;
	classes = {
	};
	objectVersion = 46;
	objects = {

/* Begin PBXBuildFile section */
		29BCE8971E1ADB26008451C5 /* AppDelegate.swift in Sources */ = {isa = PBXBuildFile; fileRef = 29BCE8961E1ADB26008451C5 /* AppDelegate.swift */; };
		29BCE89E1E1ADB26008451C5 /* Assets.xcassets in Resources */ = {isa = PBXBuildFile; fileRef = 29BCE89D1E1ADB26008451C5 /* Assets.xcassets */; };
		29BCE8A11E1ADB26008451C5 /* LaunchScreen.storyboard in Resources */ = {isa = PBXBuildFile; fileRef = 29BCE89F1E1ADB26008451C5 /* LaunchScreen.storyboard */; };
		29BCE8AB1E1ADBB9008451C5 /* Main.storyboard in Resources */ = {isa = PBXBuildFile; fileRef = 29BCE8AA1E1ADBB9008451C5 /* Main.storyboard */; };
		29BCE8B81E1ADD6D008451C5 /* ShareViewController.swift in Sources */ = {isa = PBXBuildFile; fileRef = 29BCE8B71E1ADD6D008451C5 /* ShareViewController.swift */; };
		29BCE8BB1E1ADD6D008451C5 /* MainInterface.storyboard in Resources */ = {isa = PBXBuildFile; fileRef = 29BCE8B91E1ADD6D008451C5 /* MainInterface.storyboard */; };
		390C32B1E515EADCDD3C7141 /* Pods_print_ios.framework in Frameworks */ = {isa = PBXBuildFile; fileRef = C74635616FA1E80577EDD2F0 /* Pods_print_ios.framework */; };
		8FDD6CCBBB34669DD96E9483 /* Pods_print_ios_print_ios_extension.framework in Frameworks */ = {isa = PBXBuildFile; fileRef = 31DE0FF7BA2142DEA62664DC /* Pods_print_ios_print_ios_extension.framework */; };
		C17DD4142381D676006BF669 /* Print to ScottyLabs.appex in Embed App Extensions */ = {isa = PBXBuildFile; fileRef = 29BCE8B51E1ADD6D008451C5 /* Print to ScottyLabs.appex */; settings = {ATTRIBUTES = (RemoveHeadersOnCopy, ); }; };
		C18DDD3424024287002EC511 /* ViewController.swift in Sources */ = {isa = PBXBuildFile; fileRef = C18DDD3324024287002EC511 /* ViewController.swift */; };
/* End PBXBuildFile section */

/* Begin PBXContainerItemProxy section */
		29BCE8BD1E1ADD6D008451C5 /* PBXContainerItemProxy */ = {
			isa = PBXContainerItemProxy;
			containerPortal = 29BCE88B1E1ADB26008451C5 /* Project object */;
			proxyType = 1;
			remoteGlobalIDString = 29BCE8B41E1ADD6D008451C5;
			remoteInfo = ScottyLabs;
		};
/* End PBXContainerItemProxy section */

/* Begin PBXCopyFilesBuildPhase section */
		29BCE8C31E1ADD6D008451C5 /* Embed App Extensions */ = {
			isa = PBXCopyFilesBuildPhase;
			buildActionMask = 2147483647;
			dstPath = "";
			dstSubfolderSpec = 13;
			files = (
				C17DD4142381D676006BF669 /* Print to ScottyLabs.appex in Embed App Extensions */,
			);
			name = "Embed App Extensions";
			runOnlyForDeploymentPostprocessing = 0;
		};
/* End PBXCopyFilesBuildPhase section */

/* Begin PBXFileReference section */
		09FC8DA7DE713F9438638189 /* Pods-ScottyLabs Print App-ScottyLabs.release.xcconfig */ = {isa = PBXFileReference; includeInIndex = 1; lastKnownFileType = text.xcconfig; name = "Pods-ScottyLabs Print App-ScottyLabs.release.xcconfig"; path = "Pods/Target Support Files/Pods-ScottyLabs Print App-ScottyLabs/Pods-ScottyLabs Print App-ScottyLabs.release.xcconfig"; sourceTree = "<group>"; };
		29BCE8931E1ADB26008451C5 /* ScottyLabs Print App.app */ = {isa = PBXFileReference; explicitFileType = wrapper.application; includeInIndex = 0; path = "ScottyLabs Print App.app"; sourceTree = BUILT_PRODUCTS_DIR; };
		29BCE8961E1ADB26008451C5 /* AppDelegate.swift */ = {isa = PBXFileReference; indentWidth = 2; lastKnownFileType = sourcecode.swift; path = AppDelegate.swift; sourceTree = "<group>"; tabWidth = 2; };
		29BCE89D1E1ADB26008451C5 /* Assets.xcassets */ = {isa = PBXFileReference; lastKnownFileType = folder.assetcatalog; path = Assets.xcassets; sourceTree = "<group>"; };
		29BCE8A01E1ADB26008451C5 /* Base */ = {isa = PBXFileReference; lastKnownFileType = file.storyboard; name = Base; path = Base.lproj/LaunchScreen.storyboard; sourceTree = "<group>"; };
		29BCE8A21E1ADB26008451C5 /* Info.plist */ = {isa = PBXFileReference; lastKnownFileType = text.plist.xml; path = Info.plist; sourceTree = "<group>"; };
		29BCE8AA1E1ADBB9008451C5 /* Main.storyboard */ = {isa = PBXFileReference; fileEncoding = 4; lastKnownFileType = file.storyboard; path = Main.storyboard; sourceTree = "<group>"; };
		29BCE8B51E1ADD6D008451C5 /* Print to ScottyLabs.appex */ = {isa = PBXFileReference; explicitFileType = "wrapper.app-extension"; includeInIndex = 0; path = "Print to ScottyLabs.appex"; sourceTree = BUILT_PRODUCTS_DIR; };
		29BCE8B71E1ADD6D008451C5 /* ShareViewController.swift */ = {isa = PBXFileReference; indentWidth = 2; lastKnownFileType = sourcecode.swift; path = ShareViewController.swift; sourceTree = "<group>"; tabWidth = 2; };
		29BCE8BA1E1ADD6D008451C5 /* Base */ = {isa = PBXFileReference; lastKnownFileType = file.storyboard; name = Base; path = Base.lproj/MainInterface.storyboard; sourceTree = "<group>"; };
		29BCE8BC1E1ADD6D008451C5 /* Info.plist */ = {isa = PBXFileReference; lastKnownFileType = text.plist.xml; path = Info.plist; sourceTree = "<group>"; };
		31DE0FF7BA2142DEA62664DC /* Pods_print_ios_print_ios_extension.framework */ = {isa = PBXFileReference; explicitFileType = wrapper.framework; includeInIndex = 0; path = Pods_print_ios_print_ios_extension.framework; sourceTree = BUILT_PRODUCTS_DIR; };
		61BB787FB94F188DBFA90F17 /* Pods-print-ios.release.xcconfig */ = {isa = PBXFileReference; includeInIndex = 1; lastKnownFileType = text.xcconfig; name = "Pods-print-ios.release.xcconfig"; path = "Pods/Target Support Files/Pods-print-ios/Pods-print-ios.release.xcconfig"; sourceTree = "<group>"; };
		6A0C3BC38402A95F6653ABAD /* Pods-ScottyLabs Print App.release.xcconfig */ = {isa = PBXFileReference; includeInIndex = 1; lastKnownFileType = text.xcconfig; name = "Pods-ScottyLabs Print App.release.xcconfig"; path = "Pods/Target Support Files/Pods-ScottyLabs Print App/Pods-ScottyLabs Print App.release.xcconfig"; sourceTree = "<group>"; };
		6FF9337F32C2938227FEFAC7 /* Pods-print-ios.debug.xcconfig */ = {isa = PBXFileReference; includeInIndex = 1; lastKnownFileType = text.xcconfig; name = "Pods-print-ios.debug.xcconfig"; path = "Pods/Target Support Files/Pods-print-ios/Pods-print-ios.debug.xcconfig"; sourceTree = "<group>"; };
		81096B0AD068033A1DC03E62 /* Pods-ScottyLabs Print App.debug.xcconfig */ = {isa = PBXFileReference; includeInIndex = 1; lastKnownFileType = text.xcconfig; name = "Pods-ScottyLabs Print App.debug.xcconfig"; path = "Pods/Target Support Files/Pods-ScottyLabs Print App/Pods-ScottyLabs Print App.debug.xcconfig"; sourceTree = "<group>"; };
		A997F1D54B12DF45E462B0C0 /* Pods-print-ios-print-ios-extension.release.xcconfig */ = {isa = PBXFileReference; includeInIndex = 1; lastKnownFileType = text.xcconfig; name = "Pods-print-ios-print-ios-extension.release.xcconfig"; path = "Pods/Target Support Files/Pods-print-ios-print-ios-extension/Pods-print-ios-print-ios-extension.release.xcconfig"; sourceTree = "<group>"; };
		C18DDD3324024287002EC511 /* ViewController.swift */ = {isa = PBXFileReference; fileEncoding = 4; lastKnownFileType = sourcecode.swift; path = ViewController.swift; sourceTree = "<group>"; };
		C18DDD35240243F7002EC511 /* print-ios.entitlements */ = {isa = PBXFileReference; fileEncoding = 4; lastKnownFileType = text.plist.entitlements; path = "print-ios.entitlements"; sourceTree = "<group>"; };
		C74635616FA1E80577EDD2F0 /* Pods_print_ios.framework */ = {isa = PBXFileReference; explicitFileType = wrapper.framework; includeInIndex = 0; path = Pods_print_ios.framework; sourceTree = BUILT_PRODUCTS_DIR; };
		CB9AD6B2A453C526C6B8B3C4 /* Pods-print-ios-print-ios-extension.debug.xcconfig */ = {isa = PBXFileReference; includeInIndex = 1; lastKnownFileType = text.xcconfig; name = "Pods-print-ios-print-ios-extension.debug.xcconfig"; path = "Pods/Target Support Files/Pods-print-ios-print-ios-extension/Pods-print-ios-print-ios-extension.debug.xcconfig"; sourceTree = "<group>"; };
		DAF0DC0E77A6B46E973CF5B9 /* Pods-ScottyLabs Print App-ScottyLabs.debug.xcconfig */ = {isa = PBXFileReference; includeInIndex = 1; lastKnownFileType = text.xcconfig; name = "Pods-ScottyLabs Print App-ScottyLabs.debug.xcconfig"; path = "Pods/Target Support Files/Pods-ScottyLabs Print App-ScottyLabs/Pods-ScottyLabs Print App-ScottyLabs.debug.xcconfig"; sourceTree = "<group>"; };
/* End PBXFileReference section */

/* Begin PBXFrameworksBuildPhase section */
		29BCE8901E1ADB26008451C5 /* Frameworks */ = {
			isa = PBXFrameworksBuildPhase;
			buildActionMask = 2147483647;
			files = (
				390C32B1E515EADCDD3C7141 /* Pods_print_ios.framework in Frameworks */,
			);
			runOnlyForDeploymentPostprocessing = 0;
		};
		29BCE8B21E1ADD6D008451C5 /* Frameworks */ = {
			isa = PBXFrameworksBuildPhase;
			buildActionMask = 2147483647;
			files = (
				8FDD6CCBBB34669DD96E9483 /* Pods_print_ios_print_ios_extension.framework in Frameworks */,
			);
			runOnlyForDeploymentPostprocessing = 0;
		};
/* End PBXFrameworksBuildPhase section */

/* Begin PBXGroup section */
		0315E9DD3B9A954E57865933 /* Pods */ = {
			isa = PBXGroup;
			children = (
				81096B0AD068033A1DC03E62 /* Pods-ScottyLabs Print App.debug.xcconfig */,
				6A0C3BC38402A95F6653ABAD /* Pods-ScottyLabs Print App.release.xcconfig */,
				DAF0DC0E77A6B46E973CF5B9 /* Pods-ScottyLabs Print App-ScottyLabs.debug.xcconfig */,
				09FC8DA7DE713F9438638189 /* Pods-ScottyLabs Print App-ScottyLabs.release.xcconfig */,
				6FF9337F32C2938227FEFAC7 /* Pods-print-ios.debug.xcconfig */,
				61BB787FB94F188DBFA90F17 /* Pods-print-ios.release.xcconfig */,
				CB9AD6B2A453C526C6B8B3C4 /* Pods-print-ios-print-ios-extension.debug.xcconfig */,
				A997F1D54B12DF45E462B0C0 /* Pods-print-ios-print-ios-extension.release.xcconfig */,
			);
			name = Pods;
			sourceTree = "<group>";
		};
		04661564A9685FE3E52D4C58 /* Frameworks */ = {
			isa = PBXGroup;
			children = (
				C74635616FA1E80577EDD2F0 /* Pods_print_ios.framework */,
				31DE0FF7BA2142DEA62664DC /* Pods_print_ios_print_ios_extension.framework */,
			);
			name = Frameworks;
			sourceTree = "<group>";
		};
		29BCE88A1E1ADB26008451C5 = {
			isa = PBXGroup;
			children = (
				29BCE8951E1ADB26008451C5 /* print-ios */,
				29BCE8B61E1ADD6D008451C5 /* print-ios-extension */,
				29BCE8941E1ADB26008451C5 /* Products */,
				0315E9DD3B9A954E57865933 /* Pods */,
				04661564A9685FE3E52D4C58 /* Frameworks */,
			);
			indentWidth = 2;
			sourceTree = "<group>";
			tabWidth = 2;
		};
		29BCE8941E1ADB26008451C5 /* Products */ = {
			isa = PBXGroup;
			children = (
				29BCE8931E1ADB26008451C5 /* ScottyLabs Print App.app */,
				29BCE8B51E1ADD6D008451C5 /* Print to ScottyLabs.appex */,
			);
			name = Products;
			sourceTree = "<group>";
		};
		29BCE8951E1ADB26008451C5 /* print-ios */ = {
			isa = PBXGroup;
			children = (
				C18DDD35240243F7002EC511 /* print-ios.entitlements */,
				29BCE8961E1ADB26008451C5 /* AppDelegate.swift */,
				29BCE8AA1E1ADBB9008451C5 /* Main.storyboard */,
				C18DDD3324024287002EC511 /* ViewController.swift */,
				29BCE89D1E1ADB26008451C5 /* Assets.xcassets */,
				29BCE89F1E1ADB26008451C5 /* LaunchScreen.storyboard */,
				29BCE8A21E1ADB26008451C5 /* Info.plist */,
			);
			path = "print-ios";
			sourceTree = "<group>";
		};
		29BCE8B61E1ADD6D008451C5 /* print-ios-extension */ = {
			isa = PBXGroup;
			children = (
				29BCE8B71E1ADD6D008451C5 /* ShareViewController.swift */,
				29BCE8B91E1ADD6D008451C5 /* MainInterface.storyboard */,
				29BCE8BC1E1ADD6D008451C5 /* Info.plist */,
			);
			path = "print-ios-extension";
			sourceTree = "<group>";
		};
/* End PBXGroup section */

/* Begin PBXNativeTarget section */
		29BCE8921E1ADB26008451C5 /* print-ios */ = {
			isa = PBXNativeTarget;
			buildConfigurationList = 29BCE8A51E1ADB26008451C5 /* Build configuration list for PBXNativeTarget "print-ios" */;
			buildPhases = (
				881015B7343BFB039A0C5DE2 /* [CP] Check Pods Manifest.lock */,
				29BCE88F1E1ADB26008451C5 /* Sources */,
				29BCE8901E1ADB26008451C5 /* Frameworks */,
				29BCE8911E1ADB26008451C5 /* Resources */,
				29BCE8C31E1ADD6D008451C5 /* Embed App Extensions */,
				62B144CE9952C92FF53424D2 /* [CP] Embed Pods Frameworks */,
			);
			buildRules = (
			);
			dependencies = (
				29BCE8BE1E1ADD6D008451C5 /* PBXTargetDependency */,
			);
			name = "print-ios";
			productName = "ScottyLabs Print App";
			productReference = 29BCE8931E1ADB26008451C5 /* ScottyLabs Print App.app */;
			productType = "com.apple.product-type.application";
		};
		29BCE8B41E1ADD6D008451C5 /* print-ios-extension */ = {
			isa = PBXNativeTarget;
			buildConfigurationList = 29BCE8C01E1ADD6D008451C5 /* Build configuration list for PBXNativeTarget "print-ios-extension" */;
			buildPhases = (
				772CEC02544FF28508FB9A29 /* [CP] Check Pods Manifest.lock */,
				29BCE8B11E1ADD6D008451C5 /* Sources */,
				29BCE8B21E1ADD6D008451C5 /* Frameworks */,
				29BCE8B31E1ADD6D008451C5 /* Resources */,
			);
			buildRules = (
			);
			dependencies = (
			);
			name = "print-ios-extension";
			productName = ScottyLabs;
			productReference = 29BCE8B51E1ADD6D008451C5 /* Print to ScottyLabs.appex */;
			productType = "com.apple.product-type.app-extension";
		};
/* End PBXNativeTarget section */

/* Begin PBXProject section */
		29BCE88B1E1ADB26008451C5 /* Project object */ = {
			isa = PBXProject;
			attributes = {
				LastSwiftUpdateCheck = 0820;
				LastUpgradeCheck = 1110;
				ORGANIZATIONNAME = ScottyLabs;
				TargetAttributes = {
					29BCE8921E1ADB26008451C5 = {
						CreatedOnToolsVersion = 8.2.1;
						DevelopmentTeam = K72FJPB7L5;
						LastSwiftMigration = 1110;
						ProvisioningStyle = Automatic;
						SystemCapabilities = {
							com.apple.ApplicationGroups.iOS = {
								enabled = 1;
							};
						};
					};
					29BCE8B41E1ADD6D008451C5 = {
						CreatedOnToolsVersion = 8.2.1;
						DevelopmentTeam = K72FJPB7L5;
						LastSwiftMigration = 1110;
						ProvisioningStyle = Automatic;
					};
				};
			};
			buildConfigurationList = 29BCE88E1E1ADB26008451C5 /* Build configuration list for PBXProject "print-ios" */;
			compatibilityVersion = "Xcode 3.2";
			developmentRegion = en;
			hasScannedForEncodings = 0;
			knownRegions = (
				en,
				Base,
			);
			mainGroup = 29BCE88A1E1ADB26008451C5;
			productRefGroup = 29BCE8941E1ADB26008451C5 /* Products */;
			projectDirPath = "";
			projectRoot = "";
			targets = (
				29BCE8921E1ADB26008451C5 /* print-ios */,
				29BCE8B41E1ADD6D008451C5 /* print-ios-extension */,
			);
		};
/* End PBXProject section */

/* Begin PBXResourcesBuildPhase section */
		29BCE8911E1ADB26008451C5 /* Resources */ = {
			isa = PBXResourcesBuildPhase;
			buildActionMask = 2147483647;
			files = (
				29BCE8AB1E1ADBB9008451C5 /* Main.storyboard in Resources */,
				29BCE8A11E1ADB26008451C5 /* LaunchScreen.storyboard in Resources */,
				29BCE89E1E1ADB26008451C5 /* Assets.xcassets in Resources */,
			);
			runOnlyForDeploymentPostprocessing = 0;
		};
		29BCE8B31E1ADD6D008451C5 /* Resources */ = {
			isa = PBXResourcesBuildPhase;
			buildActionMask = 2147483647;
			files = (
				29BCE8BB1E1ADD6D008451C5 /* MainInterface.storyboard in Resources */,
			);
			runOnlyForDeploymentPostprocessing = 0;
		};
/* End PBXResourcesBuildPhase section */

/* Begin PBXShellScriptBuildPhase section */
		62B144CE9952C92FF53424D2 /* [CP] Embed Pods Frameworks */ = {
			isa = PBXShellScriptBuildPhase;
			buildActionMask = 2147483647;
			files = (
			);
			inputPaths = (
				"${PODS_ROOT}/Target Support Files/Pods-print-ios/Pods-print-ios-frameworks.sh",
				"${BUILT_PRODUCTS_DIR}/Alamofire/Alamofire.framework",
				"${BUILT_PRODUCTS_DIR}/SwiftyJSON/SwiftyJSON.framework",
			);
			name = "[CP] Embed Pods Frameworks";
			outputPaths = (
				"${TARGET_BUILD_DIR}/${FRAMEWORKS_FOLDER_PATH}/Alamofire.framework",
				"${TARGET_BUILD_DIR}/${FRAMEWORKS_FOLDER_PATH}/SwiftyJSON.framework",
			);
			runOnlyForDeploymentPostprocessing = 0;
			shellPath = /bin/sh;
			shellScript = "\"${PODS_ROOT}/Target Support Files/Pods-print-ios/Pods-print-ios-frameworks.sh\"\n";
			showEnvVarsInLog = 0;
		};
		772CEC02544FF28508FB9A29 /* [CP] Check Pods Manifest.lock */ = {
			isa = PBXShellScriptBuildPhase;
			buildActionMask = 2147483647;
			files = (
			);
			inputPaths = (
				"${PODS_PODFILE_DIR_PATH}/Podfile.lock",
				"${PODS_ROOT}/Manifest.lock",
			);
			name = "[CP] Check Pods Manifest.lock";
			outputPaths = (
				"$(DERIVED_FILE_DIR)/Pods-print-ios-print-ios-extension-checkManifestLockResult.txt",
			);
			runOnlyForDeploymentPostprocessing = 0;
			shellPath = /bin/sh;
			shellScript = "diff \"${PODS_PODFILE_DIR_PATH}/Podfile.lock\" \"${PODS_ROOT}/Manifest.lock\" > /dev/null\nif [ $? != 0 ] ; then\n    # print error to STDERR\n    echo \"error: The sandbox is not in sync with the Podfile.lock. Run 'pod install' or update your CocoaPods installation.\" >&2\n    exit 1\nfi\n# This output is used by Xcode 'outputs' to avoid re-running this script phase.\necho \"SUCCESS\" > \"${SCRIPT_OUTPUT_FILE_0}\"\n";
			showEnvVarsInLog = 0;
		};
		881015B7343BFB039A0C5DE2 /* [CP] Check Pods Manifest.lock */ = {
			isa = PBXShellScriptBuildPhase;
			buildActionMask = 2147483647;
			files = (
			);
			inputPaths = (
				"${PODS_PODFILE_DIR_PATH}/Podfile.lock",
				"${PODS_ROOT}/Manifest.lock",
			);
			name = "[CP] Check Pods Manifest.lock";
			outputPaths = (
				"$(DERIVED_FILE_DIR)/Pods-print-ios-checkManifestLockResult.txt",
			);
			runOnlyForDeploymentPostprocessing = 0;
			shellPath = /bin/sh;
			shellScript = "diff \"${PODS_PODFILE_DIR_PATH}/Podfile.lock\" \"${PODS_ROOT}/Manifest.lock\" > /dev/null\nif [ $? != 0 ] ; then\n    # print error to STDERR\n    echo \"error: The sandbox is not in sync with the Podfile.lock. Run 'pod install' or update your CocoaPods installation.\" >&2\n    exit 1\nfi\n# This output is used by Xcode 'outputs' to avoid re-running this script phase.\necho \"SUCCESS\" > \"${SCRIPT_OUTPUT_FILE_0}\"\n";
			showEnvVarsInLog = 0;
		};
/* End PBXShellScriptBuildPhase section */

/* Begin PBXSourcesBuildPhase section */
		29BCE88F1E1ADB26008451C5 /* Sources */ = {
			isa = PBXSourcesBuildPhase;
			buildActionMask = 2147483647;
			files = (
				C18DDD3424024287002EC511 /* ViewController.swift in Sources */,
				29BCE8971E1ADB26008451C5 /* AppDelegate.swift in Sources */,
			);
			runOnlyForDeploymentPostprocessing = 0;
		};
		29BCE8B11E1ADD6D008451C5 /* Sources */ = {
			isa = PBXSourcesBuildPhase;
			buildActionMask = 2147483647;
			files = (
				29BCE8B81E1ADD6D008451C5 /* ShareViewController.swift in Sources */,
			);
			runOnlyForDeploymentPostprocessing = 0;
		};
/* End PBXSourcesBuildPhase section */

/* Begin PBXTargetDependency section */
		29BCE8BE1E1ADD6D008451C5 /* PBXTargetDependency */ = {
			isa = PBXTargetDependency;
			target = 29BCE8B41E1ADD6D008451C5 /* print-ios-extension */;
			targetProxy = 29BCE8BD1E1ADD6D008451C5 /* PBXContainerItemProxy */;
		};
/* End PBXTargetDependency section */

/* Begin PBXVariantGroup section */
		29BCE89F1E1ADB26008451C5 /* LaunchScreen.storyboard */ = {
			isa = PBXVariantGroup;
			children = (
				29BCE8A01E1ADB26008451C5 /* Base */,
			);
			name = LaunchScreen.storyboard;
			sourceTree = "<group>";
		};
		29BCE8B91E1ADD6D008451C5 /* MainInterface.storyboard */ = {
			isa = PBXVariantGroup;
			children = (
				29BCE8BA1E1ADD6D008451C5 /* Base */,
			);
			name = MainInterface.storyboard;
			sourceTree = "<group>";
		};
/* End PBXVariantGroup section */

/* Begin XCBuildConfiguration section */
		29BCE8A31E1ADB26008451C5 /* Debug */ = {
			isa = XCBuildConfiguration;
			buildSettings = {
				ALWAYS_SEARCH_USER_PATHS = NO;
				CLANG_ANALYZER_LOCALIZABILITY_NONLOCALIZED = YES;
				CLANG_ANALYZER_NONNULL = YES;
				CLANG_CXX_LANGUAGE_STANDARD = "gnu++0x";
				CLANG_CXX_LIBRARY = "libc++";
				CLANG_ENABLE_MODULES = YES;
				CLANG_ENABLE_OBJC_ARC = YES;
				CLANG_WARN_BLOCK_CAPTURE_AUTORELEASING = YES;
				CLANG_WARN_BOOL_CONVERSION = YES;
				CLANG_WARN_COMMA = YES;
				CLANG_WARN_CONSTANT_CONVERSION = YES;
				CLANG_WARN_DEPRECATED_OBJC_IMPLEMENTATIONS = YES;
				CLANG_WARN_DIRECT_OBJC_ISA_USAGE = YES_ERROR;
				CLANG_WARN_DOCUMENTATION_COMMENTS = YES;
				CLANG_WARN_EMPTY_BODY = YES;
				CLANG_WARN_ENUM_CONVERSION = YES;
				CLANG_WARN_INFINITE_RECURSION = YES;
				CLANG_WARN_INT_CONVERSION = YES;
				CLANG_WARN_NON_LITERAL_NULL_CONVERSION = YES;
				CLANG_WARN_OBJC_IMPLICIT_RETAIN_SELF = YES;
				CLANG_WARN_OBJC_LITERAL_CONVERSION = YES;
				CLANG_WARN_OBJC_ROOT_CLASS = YES_ERROR;
				CLANG_WARN_RANGE_LOOP_ANALYSIS = YES;
				CLANG_WARN_STRICT_PROTOTYPES = YES;
				CLANG_WARN_SUSPICIOUS_MOVE = YES;
				CLANG_WARN_UNREACHABLE_CODE = YES;
				CLANG_WARN__DUPLICATE_METHOD_MATCH = YES;
				"CODE_SIGN_IDENTITY[sdk=iphoneos*]" = "iPhone Developer";
				COPY_PHASE_STRIP = NO;
				DEBUG_INFORMATION_FORMAT = dwarf;
				ENABLE_STRICT_OBJC_MSGSEND = YES;
				ENABLE_TESTABILITY = YES;
				GCC_C_LANGUAGE_STANDARD = gnu99;
				GCC_DYNAMIC_NO_PIC = NO;
				GCC_NO_COMMON_BLOCKS = YES;
				GCC_OPTIMIZATION_LEVEL = 0;
				GCC_PREPROCESSOR_DEFINITIONS = (
					"DEBUG=1",
					"$(inherited)",
				);
				GCC_WARN_64_TO_32_BIT_CONVERSION = YES;
				GCC_WARN_ABOUT_RETURN_TYPE = YES_ERROR;
				GCC_WARN_UNDECLARED_SELECTOR = YES;
				GCC_WARN_UNINITIALIZED_AUTOS = YES_AGGRESSIVE;
				GCC_WARN_UNUSED_FUNCTION = YES;
				GCC_WARN_UNUSED_VARIABLE = YES;
				IPHONEOS_DEPLOYMENT_TARGET = 11.4;
				MTL_ENABLE_DEBUG_INFO = YES;
				ONLY_ACTIVE_ARCH = YES;
				SDKROOT = iphoneos;
				SWIFT_ACTIVE_COMPILATION_CONDITIONS = DEBUG;
				SWIFT_OPTIMIZATION_LEVEL = "-Onone";
				SWIFT_VERSION = "";
				TARGETED_DEVICE_FAMILY = "1,2";
			};
			name = Debug;
		};
		29BCE8A41E1ADB26008451C5 /* Release */ = {
			isa = XCBuildConfiguration;
			buildSettings = {
				ALWAYS_SEARCH_USER_PATHS = NO;
				CLANG_ANALYZER_LOCALIZABILITY_NONLOCALIZED = YES;
				CLANG_ANALYZER_NONNULL = YES;
				CLANG_CXX_LANGUAGE_STANDARD = "gnu++0x";
				CLANG_CXX_LIBRARY = "libc++";
				CLANG_ENABLE_MODULES = YES;
				CLANG_ENABLE_OBJC_ARC = YES;
				CLANG_WARN_BLOCK_CAPTURE_AUTORELEASING = YES;
				CLANG_WARN_BOOL_CONVERSION = YES;
				CLANG_WARN_COMMA = YES;
				CLANG_WARN_CONSTANT_CONVERSION = YES;
				CLANG_WARN_DEPRECATED_OBJC_IMPLEMENTATIONS = YES;
				CLANG_WARN_DIRECT_OBJC_ISA_USAGE = YES_ERROR;
				CLANG_WARN_DOCUMENTATION_COMMENTS = YES;
				CLANG_WARN_EMPTY_BODY = YES;
				CLANG_WARN_ENUM_CONVERSION = YES;
				CLANG_WARN_INFINITE_RECURSION = YES;
				CLANG_WARN_INT_CONVERSION = YES;
				CLANG_WARN_NON_LITERAL_NULL_CONVERSION = YES;
				CLANG_WARN_OBJC_IMPLICIT_RETAIN_SELF = YES;
				CLANG_WARN_OBJC_LITERAL_CONVERSION = YES;
				CLANG_WARN_OBJC_ROOT_CLASS = YES_ERROR;
				CLANG_WARN_RANGE_LOOP_ANALYSIS = YES;
				CLANG_WARN_STRICT_PROTOTYPES = YES;
				CLANG_WARN_SUSPICIOUS_MOVE = YES;
				CLANG_WARN_UNREACHABLE_CODE = YES;
				CLANG_WARN__DUPLICATE_METHOD_MATCH = YES;
				"CODE_SIGN_IDENTITY[sdk=iphoneos*]" = "iPhone Developer";
				COPY_PHASE_STRIP = NO;
				DEBUG_INFORMATION_FORMAT = "dwarf-with-dsym";
				ENABLE_NS_ASSERTIONS = NO;
				ENABLE_STRICT_OBJC_MSGSEND = YES;
				GCC_C_LANGUAGE_STANDARD = gnu99;
				GCC_NO_COMMON_BLOCKS = YES;
				GCC_WARN_64_TO_32_BIT_CONVERSION = YES;
				GCC_WARN_ABOUT_RETURN_TYPE = YES_ERROR;
				GCC_WARN_UNDECLARED_SELECTOR = YES;
				GCC_WARN_UNINITIALIZED_AUTOS = YES_AGGRESSIVE;
				GCC_WARN_UNUSED_FUNCTION = YES;
				GCC_WARN_UNUSED_VARIABLE = YES;
				IPHONEOS_DEPLOYMENT_TARGET = 11.4;
				MTL_ENABLE_DEBUG_INFO = NO;
				SDKROOT = iphoneos;
				SWIFT_OPTIMIZATION_LEVEL = "-Owholemodule";
				SWIFT_VERSION = "";
				TARGETED_DEVICE_FAMILY = "1,2";
				VALIDATE_PRODUCT = YES;
			};
			name = Release;
		};
		29BCE8A61E1ADB26008451C5 /* Debug */ = {
			isa = XCBuildConfiguration;
			baseConfigurationReference = 6FF9337F32C2938227FEFAC7 /* Pods-print-ios.debug.xcconfig */;
			buildSettings = {
				ALWAYS_EMBED_SWIFT_STANDARD_LIBRARIES = "$(inherited)";
				ASSETCATALOG_COMPILER_APPICON_NAME = AppIcon;
				CODE_SIGN_ENTITLEMENTS = "print-ios/print-ios.entitlements";
				DEVELOPMENT_TEAM = K72FJPB7L5;
				INFOPLIST_FILE = "print-ios/Info.plist";
				LD_RUNPATH_SEARCH_PATHS = "$(inherited) @executable_path/Frameworks";
				PRODUCT_BUNDLE_IDENTIFIER = "org.scottylabs.print-ios";
				PRODUCT_NAME = "ScottyLabs Print App";
				SWIFT_VERSION = 5.0;
			};
			name = Debug;
		};
		29BCE8A71E1ADB26008451C5 /* Release */ = {
			isa = XCBuildConfiguration;
			baseConfigurationReference = 61BB787FB94F188DBFA90F17 /* Pods-print-ios.release.xcconfig */;
			buildSettings = {
				ALWAYS_EMBED_SWIFT_STANDARD_LIBRARIES = "$(inherited)";
				ASSETCATALOG_COMPILER_APPICON_NAME = AppIcon;
				CODE_SIGN_ENTITLEMENTS = "print-ios/print-ios.entitlements";
				DEVELOPMENT_TEAM = K72FJPB7L5;
				INFOPLIST_FILE = "print-ios/Info.plist";
				LD_RUNPATH_SEARCH_PATHS = "$(inherited) @executable_path/Frameworks";
				PRODUCT_BUNDLE_IDENTIFIER = "org.scottylabs.print-ios";
				PRODUCT_NAME = "ScottyLabs Print App";
				SWIFT_VERSION = 5.0;
			};
			name = Release;
		};
		29BCE8C11E1ADD6D008451C5 /* Debug */ = {
			isa = XCBuildConfiguration;
			baseConfigurationReference = CB9AD6B2A453C526C6B8B3C4 /* Pods-print-ios-print-ios-extension.debug.xcconfig */;
			buildSettings = {
				DEVELOPMENT_TEAM = K72FJPB7L5;
				INFOPLIST_FILE = "print-ios-extension/Info.plist";
				LD_RUNPATH_SEARCH_PATHS = "$(inherited) @executable_path/Frameworks @executable_path/../../Frameworks";
				PRODUCT_BUNDLE_IDENTIFIER = "org.scottylabs.print-ios.print-ios-extension";
				PRODUCT_NAME = "Print to ScottyLabs";
				SKIP_INSTALL = YES;
				SWIFT_VERSION = 5.0;
			};
			name = Debug;
		};
		29BCE8C21E1ADD6D008451C5 /* Release */ = {
			isa = XCBuildConfiguration;
			baseConfigurationReference = A997F1D54B12DF45E462B0C0 /* Pods-print-ios-print-ios-extension.release.xcconfig */;
			buildSettings = {
				DEVELOPMENT_TEAM = K72FJPB7L5;
				INFOPLIST_FILE = "print-ios-extension/Info.plist";
				LD_RUNPATH_SEARCH_PATHS = "$(inherited) @executable_path/Frameworks @executable_path/../../Frameworks";
				PRODUCT_BUNDLE_IDENTIFIER = "org.scottylabs.print-ios.print-ios-extension";
				PRODUCT_NAME = "Print to ScottyLabs";
				SKIP_INSTALL = YES;
				SWIFT_VERSION = 5.0;
			};
			name = Release;
		};
/* End XCBuildConfiguration section */

/* Begin XCConfigurationList section */
		29BCE88E1E1ADB26008451C5 /* Build configuration list for PBXProject "print-ios" */ = {
			isa = XCConfigurationList;
			buildConfigurations = (
				29BCE8A31E1ADB26008451C5 /* Debug */,
				29BCE8A41E1ADB26008451C5 /* Release */,
			);
			defaultConfigurationIsVisible = 0;
			defaultConfigurationName = Release;
		};
		29BCE8A51E1ADB26008451C5 /* Build configuration list for PBXNativeTarget "print-ios" */ = {
			isa = XCConfigurationList;
			buildConfigurations = (
				29BCE8A61E1ADB26008451C5 /* Debug */,
				29BCE8A71E1ADB26008451C5 /* Release */,
			);
			defaultConfigurationIsVisible = 0;
			defaultConfigurationName = Release;
		};
		29BCE8C01E1ADD6D008451C5 /* Build configuration list for PBXNativeTarget "print-ios-extension" */ = {
			isa = XCConfigurationList;
			buildConfigurations = (
				29BCE8C11E1ADD6D008451C5 /* Debug */,
				29BCE8C21E1ADD6D008451C5 /* Release */,
			);
			defaultConfigurationIsVisible = 0;
			defaultConfigurationName = Release;
		};
/* End XCConfigurationList section */
	};
	rootObject = 29BCE88B1E1ADB26008451C5 /* Project object */;
}
